
Microsoft Visual Studio Solution File, Format Version 12.00
# Visual Studio Version 17
VisualStudioVersion = 17.4.33110.190
MinimumVisualStudioVersion = 10.0.40219.1
Project("{9A19103F-16F7-4668-BE54-9A1E7A4F7556}") = "Challenge", "challenge\Challenge.csproj", "{9CCB7E6E-0B21-4778-8CAD-ABCE1DAECEE3}"
EndProject
Project("{FAE04EC0-301F-11D3-BF4B-00C04F79EFBC}") = "Data", "Data\Data.csproj", "{00B1D8B0-6BE8-40FE-B0B0-5DCE42275600}"
EndProject
Global
	GlobalSection(SolutionConfigurationPlatforms) = preSolution
		Debug|Any CPU = Debug|Any CPU
		Release|Any CPU = Release|Any CPU
	EndGlobalSection
	GlobalSection(ProjectConfigurationPlatforms) = postSolution
		{9CCB7E6E-0B21-4778-8CAD-ABCE1DAECEE3}.Debug|Any CPU.ActiveCfg = Debug|Any CPU
		{9CCB7E6E-0B21-4778-8CAD-ABCE1DAECEE3}.Debug|Any CPU.Build.0 = Debug|Any CPU
		{9CCB7E6E-0B21-4778-8CAD-ABCE1DAECEE3}.Release|Any CPU.ActiveCfg = Release|Any CPU
		{9CCB7E6E-0B21-4778-8CAD-ABCE1DAECEE3}.Release|Any CPU.Build.0 = Release|Any CPU
		{00B1D8B0-6BE8-40FE-B0B0-5DCE42275600}.Debug|Any CPU.ActiveCfg = Debug|Any CPU
		{00B1D8B0-6BE8-40FE-B0B0-5DCE42275600}.Debug|Any CPU.Build.0 = Debug|Any CPU
		{00B1D8B0-6BE8-40FE-B0B0-5DCE42275600}.Release|Any CPU.ActiveCfg = Release|Any CPU
		{00B1D8B0-6BE8-40FE-B0B0-5DCE42275600}.Release|Any CPU.Build.0 = Release|Any CPU
	EndGlobalSection
	GlobalSection(SolutionProperties) = preSolution
		HideSolutionNode = FALSE
	EndGlobalSection
	GlobalSection(ExtensibilityGlobals) = postSolution
		SolutionGuid = {24EF45FE-9CE0-46DE-999D-D6EFA18F175B}
	EndGlobalSection
EndGlobal
